
Microsoft Visual Studio Solution File, Format Version 12.00
# Visual Studio Version 17
VisualStudioVersion = 17.8.34309.116
MinimumVisualStudioVersion = 10.0.40219.1
Project("{8BC9CEB8-8B4A-11D0-8D11-00A0C91BC942}") = "SpotifyOggDumper", "SpotifyOggDumper\SpotifyOggDumper.vcxproj", "{90E473EF-B87A-4CD1-9C9C-34F50FE9CE25}"
EndProject
Project("{8BC9CEB8-8B4A-11D0-8D11-00A0C91BC942}") = "Injector", "Injector\Injector.vcxproj", "{7C9A3D73-7031-4BD3-85A8-892B623B456B}"
EndProject
Global
	GlobalSection(SolutionConfigurationPlatforms) = preSolution
		Debug|x86 = Debug|x86
		Release|x86 = Release|x86
	EndGlobalSection
	GlobalSection(ProjectConfigurationPlatforms) = postSolution
		{90E473EF-B87A-4CD1-9C9C-34F50FE9CE25}.Debug|x86.ActiveCfg = Debug|Win32
		{90E473EF-B87A-4CD1-9C9C-34F50FE9CE25}.Debug|x86.Build.0 = Debug|Win32
		{90E473EF-B87A-4CD1-9C9C-34F50FE9CE25}.Release|x86.ActiveCfg = Release|Win32
		{90E473EF-B87A-4CD1-9C9C-34F50FE9CE25}.Release|x86.Build.0 = Release|Win32
		{7C9A3D73-7031-4BD3-85A8-892B623B456B}.Debug|x86.ActiveCfg = Debug|Win32
		{7C9A3D73-7031-4BD3-85A8-892B623B456B}.Debug|x86.Build.0 = Debug|Win32
		{7C9A3D73-7031-4BD3-85A8-892B623B456B}.Release|x86.ActiveCfg = Release|Win32
		{7C9A3D73-7031-4BD3-85A8-892B623B456B}.Release|x86.Build.0 = Release|Win32
	EndGlobalSection
	GlobalSection(SolutionProperties) = preSolution
		HideSolutionNode = FALSE
	EndGlobalSection
	GlobalSection(ExtensibilityGlobals) = postSolution
		SolutionGuid = {90009FCD-FC9D-46DA-B4FD-68BBE97CE251}
	EndGlobalSection
EndGlobal
